
Microsoft Visual Studio Solution File, Format Version 12.00
# Visual Studio Version 17
VisualStudioVersion = 17.4.33122.133
MinimumVisualStudioVersion = 10.0.40219.1
Project("{FAE04EC0-301F-11D3-BF4B-00C04F79EFBC}") = "Redactor", "Redactor.csproj", "{F03E5E5D-9DB0-407F-9B85-FD2CE8622080}"
EndProject
Global
	GlobalSection(SolutionConfigurationPlatforms) = preSolution
		Debug|Any CPU = Debug|Any CPU
		Release|Any CPU = Release|Any CPU
	EndGlobalSection
	GlobalSection(ProjectConfigurationPlatforms) = postSolution
		{F03E5E5D-9DB0-407F-9B85-FD2CE8622080}.Debug|Any CPU.ActiveCfg = Debug|Any CPU
		{F03E5E5D-9DB0-407F-9B85-FD2CE8622080}.Debug|Any CPU.Build.0 = Debug|Any CPU
		{F03E5E5D-9DB0-407F-9B85-FD2CE8622080}.Release|Any CPU.ActiveCfg = Release|Any CPU
		{F03E5E5D-9DB0-407F-9B85-FD2CE8622080}.Release|Any CPU.Build.0 = Release|Any CPU
	EndGlobalSection
	GlobalSection(SolutionProperties) = preSolution
		HideSolutionNode = FALSE
	EndGlobalSection
	GlobalSection(ExtensibilityGlobals) = postSolution
		SolutionGuid = {3DB80D61-390C-4CEA-AF46-934955036734}
	EndGlobalSection
EndGlobal
